
Microsoft Visual Studio Solution File, Format Version 12.00
# Visual Studio Version 17
VisualStudioVersion = 17.2.32630.192
MinimumVisualStudioVersion = 10.0.40219.1
Project("{2150E333-8FDC-42A3-9474-1A3956D46DE8}") = "1.Service", "1.Service", "{7BD0D35F-CFCE-4E1C-998D-C0B99437193C}"
EndProject
Project("{2150E333-8FDC-42A3-9474-1A3956D46DE8}") = "0.Client", "0.Client", "{8F5B6CE4-0E11-44C7-8911-A57F30800580}"
EndProject
Project("{2150E333-8FDC-42A3-9474-1A3956D46DE8}") = "2.Logic", "2.Logic", "{A4CD104A-1219-44F8-8715-2AD991580590}"
EndProject
Project("{2150E333-8FDC-42A3-9474-1A3956D46DE8}") = "3.Data", "3.Data", "{3829BE23-9373-420E-9873-56186F0DA3D8}"
EndProject
Project("{2150E333-8FDC-42A3-9474-1A3956D46DE8}") = "4.Common", "4.Common", "{0166A1A6-2645-404F-A4FA-183B0AFF84A1}"
EndProject
Project("{9A19103F-16F7-4668-BE54-9A1E7A4F7556}") = "WebApplication", "WebApplication\WebApplication.csproj", "{BEC2450C-34CE-4D53-ACCF-9FEB85468203}"
EndProject
Project("{9A19103F-16F7-4668-BE54-9A1E7A4F7556}") = "ServiceWebApi", "ServiceWebApi\ServiceWebApi.csproj", "{D41CFBD7-1B2F-436D-A23B-51F3703348BC}"
EndProject
Project("{9A19103F-16F7-4668-BE54-9A1E7A4F7556}") = "BusinessLogic", "BusinessLogic\BusinessLogic.csproj", "{CEB5EBE2-63D0-498D-B5DC-F663DD148947}"
EndProject
Project("{9A19103F-16F7-4668-BE54-9A1E7A4F7556}") = "DataAccess", "DataAccess\DataAccess.csproj", "{E7E3F509-5EEE-4617-9E95-309F8D608436}"
EndProject
Global
	GlobalSection(SolutionConfigurationPlatforms) = preSolution
		Debug|Any CPU = Debug|Any CPU
		Release|Any CPU = Release|Any CPU
	EndGlobalSection
	GlobalSection(ProjectConfigurationPlatforms) = postSolution
		{BEC2450C-34CE-4D53-ACCF-9FEB85468203}.Debug|Any CPU.ActiveCfg = Debug|Any CPU
		{BEC2450C-34CE-4D53-ACCF-9FEB85468203}.Debug|Any CPU.Build.0 = Debug|Any CPU
		{BEC2450C-34CE-4D53-ACCF-9FEB85468203}.Release|Any CPU.ActiveCfg = Release|Any CPU
		{BEC2450C-34CE-4D53-ACCF-9FEB85468203}.Release|Any CPU.Build.0 = Release|Any CPU
		{D41CFBD7-1B2F-436D-A23B-51F3703348BC}.Debug|Any CPU.ActiveCfg = Debug|Any CPU
		{D41CFBD7-1B2F-436D-A23B-51F3703348BC}.Debug|Any CPU.Build.0 = Debug|Any CPU
		{D41CFBD7-1B2F-436D-A23B-51F3703348BC}.Release|Any CPU.ActiveCfg = Release|Any CPU
		{D41CFBD7-1B2F-436D-A23B-51F3703348BC}.Release|Any CPU.Build.0 = Release|Any CPU
		{CEB5EBE2-63D0-498D-B5DC-F663DD148947}.Debug|Any CPU.ActiveCfg = Debug|Any CPU
		{CEB5EBE2-63D0-498D-B5DC-F663DD148947}.Debug|Any CPU.Build.0 = Debug|Any CPU
		{CEB5EBE2-63D0-498D-B5DC-F663DD148947}.Release|Any CPU.ActiveCfg = Release|Any CPU
		{CEB5EBE2-63D0-498D-B5DC-F663DD148947}.Release|Any CPU.Build.0 = Release|Any CPU
		{E7E3F509-5EEE-4617-9E95-309F8D608436}.Debug|Any CPU.ActiveCfg = Debug|Any CPU
		{E7E3F509-5EEE-4617-9E95-309F8D608436}.Debug|Any CPU.Build.0 = Debug|Any CPU
		{E7E3F509-5EEE-4617-9E95-309F8D608436}.Release|Any CPU.ActiveCfg = Release|Any CPU
		{E7E3F509-5EEE-4617-9E95-309F8D608436}.Release|Any CPU.Build.0 = Release|Any CPU
	EndGlobalSection
	GlobalSection(SolutionProperties) = preSolution
		HideSolutionNode = FALSE
	EndGlobalSection
	GlobalSection(NestedProjects) = preSolution
		{BEC2450C-34CE-4D53-ACCF-9FEB85468203} = {8F5B6CE4-0E11-44C7-8911-A57F30800580}
		{D41CFBD7-1B2F-436D-A23B-51F3703348BC} = {7BD0D35F-CFCE-4E1C-998D-C0B99437193C}
		{CEB5EBE2-63D0-498D-B5DC-F663DD148947} = {A4CD104A-1219-44F8-8715-2AD991580590}
		{E7E3F509-5EEE-4617-9E95-309F8D608436} = {3829BE23-9373-420E-9873-56186F0DA3D8}
	EndGlobalSection
	GlobalSection(ExtensibilityGlobals) = postSolution
		SolutionGuid = {AC958E4F-8530-4778-BF77-984BDF8F957A}
	EndGlobalSection
EndGlobal
